
Microsoft Visual Studio Solution File, Format Version 12.00
# Visual Studio Version 17
VisualStudioVersion = 17.0.31903.59
MinimumVisualStudioVersion = 10.0.40219.1
Project("{FAE04EC0-301F-11D3-BF4B-00C04F79EFBC}") = "WifiPasswordVault", "WifiPasswordVault\WifiPasswordVault.csproj", "{1C62F0B2-F4C5-40CC-BD82-E0E140853E9E}"
EndProject
Global
	GlobalSection(SolutionConfigurationPlatforms) = preSolution
		Debug|Any CPU = Debug|Any CPU
		Release|Any CPU = Release|Any CPU
	EndGlobalSection
	GlobalSection(ProjectConfigurationPlatforms) = postSolution
		{1C62F0B2-F4C5-40CC-BD82-E0E140853E9E}.Debug|Any CPU.ActiveCfg = Debug|Any CPU
		{1C62F0B2-F4C5-40CC-BD82-E0E140853E9E}.Debug|Any CPU.Build.0 = Debug|Any CPU
		{1C62F0B2-F4C5-40CC-BD82-E0E140853E9E}.Release|Any CPU.ActiveCfg = Release|Any CPU
		{1C62F0B2-F4C5-40CC-BD82-E0E140853E9E}.Release|Any CPU.Build.0 = Release|Any CPU
	EndGlobalSection
	GlobalSection(SolutionProperties) = preSolution
		HideSolutionNode = FALSE
	EndGlobalSection
	GlobalSection(ExtensibilityGlobals) = postSolution
		SolutionGuid = {2863A7AA-B3E7-4F45-955A-35479BE474A1}
	EndGlobalSection
EndGlobal
